// !$*UTF8*$!
{
	archiveVersion = 1;
	classes = {
	};
	objectVersion = 46;
	objects = {

/* Begin PBXBuildFile section */
		634D0BD51B22F94D0027BBCF /* main.m in Sources */ = {isa = PBXBuildFile; fileRef = 634D0BD41B22F94D0027BBCF /* main.m */; };
		634D0BD81B22F94D0027BBCF /* AppDelegate.m in Sources */ = {isa = PBXBuildFile; fileRef = 634D0BD71B22F94D0027BBCF /* AppDelegate.m */; };
		634D0BDB1B22F94D0027BBCF /* ViewController.m in Sources */ = {isa = PBXBuildFile; fileRef = 634D0BDA1B22F94D0027BBCF /* ViewController.m */; };
		634D0BDE1B22F94D0027BBCF /* Main.storyboard in Resources */ = {isa = PBXBuildFile; fileRef = 634D0BDC1B22F94D0027BBCF /* Main.storyboard */; };
		634D0BE01B22F94D0027BBCF /* Images.xcassets in Resources */ = {isa = PBXBuildFile; fileRef = 634D0BDF1B22F94D0027BBCF /* Images.xcassets */; };
		634D0BE31B22F94D0027BBCF /* LaunchScreen.xib in Resources */ = {isa = PBXBuildFile; fileRef = 634D0BE11B22F94D0027BBCF /* LaunchScreen.xib */; };
		634D0BEF1B22F94D0027BBCF /* GGSSTests.m in Sources */ = {isa = PBXBuildFile; fileRef = 634D0BEE1B22F94D0027BBCF /* GGSSTests.m */; };
/* End PBXBuildFile section */

/* Begin PBXContainerItemProxy section */
		634D0BE91B22F94D0027BBCF /* PBXContainerItemProxy */ = {
			isa = PBXContainerItemProxy;
			containerPortal = 634D0BC71B22F94D0027BBCF /* Project object */;
			proxyType = 1;
			remoteGlobalIDString = 634D0BCE1B22F94D0027BBCF;
			remoteInfo = GGSS;
		};
/* End PBXContainerItemProxy section */

/* Begin PBXFileReference section */
		634D0BCF1B22F94D0027BBCF /* GGSS.app */ = {isa = PBXFileReference; explicitFileType = wrapper.application; includeInIndex = 0; path = GGSS.app; sourceTree = BUILT_PRODUCTS_DIR; };
		634D0BD31B22F94D0027BBCF /* Info.plist */ = {isa = PBXFileReference; lastKnownFileType = text.plist.xml; path = Info.plist; sourceTree = "<group>"; };
		634D0BD41B22F94D0027BBCF /* main.m */ = {isa = PBXFileReference; lastKnownFileType = sourcecode.c.objc; path = main.m; sourceTree = "<group>"; };
		634D0BD61B22F94D0027BBCF /* AppDelegate.h */ = {isa = PBXFileReference; lastKnownFileType = sourcecode.c.h; path = AppDelegate.h; sourceTree = "<group>"; };
		634D0BD71B22F94D0027BBCF /* AppDelegate.m */ = {isa = PBXFileReference; lastKnownFileType = sourcecode.c.objc; path = AppDelegate.m; sourceTree = "<group>"; };
		634D0BD91B22F94D0027BBCF /* ViewController.h */ = {isa = PBXFileReference; lastKnownFileType = sourcecode.c.h; path = ViewController.h; sourceTree = "<group>"; };
		634D0BDA1B22F94D0027BBCF /* ViewController.m */ = {isa = PBXFileReference; lastKnownFileType = sourcecode.c.objc; path = ViewController.m; sourceTree = "<group>"; };
		634D0BDD1B22F94D0027BBCF /* Base */ = {isa = PBXFileReference; lastKnownFileType = file.storyboard; name = Base; path = Base.lproj/Main.storyboard; sourceTree = "<group>"; };
		634D0BDF1B22F94D0027BBCF /* Images.xcassets */ = {isa = PBXFileReference; lastKnownFileType = folder.assetcatalog; path = Images.xcassets; sourceTree = "<group>"; };
		634D0BE21B22F94D0027BBCF /* Base */ = {isa = PBXFileReference; lastKnownFileType = file.xib; name = Base; path = Base.lproj/LaunchScreen.xib; sourceTree = "<group>"; };
		634D0BE81B22F94D0027BBCF /* GGSSTests.xctest */ = {isa = PBXFileReference; explicitFileType = wrapper.cfbundle; includeInIndex = 0; path = GGSSTests.xctest; sourceTree = BUILT_PRODUCTS_DIR; };
		634D0BED1B22F94D0027BBCF /* Info.plist */ = {isa = PBXFileReference; lastKnownFileType = text.plist.xml; path = Info.plist; sourceTree = "<group>"; };
		634D0BEE1B22F94D0027BBCF /* GGSSTests.m */ = {isa = PBXFileReference; lastKnownFileType = sourcecode.c.objc; path = GGSSTests.m; sourceTree = "<group>"; };
/* End PBXFileReference section */

/* Begin PBXFrameworksBuildPhase section */
		634D0BCC1B22F94D0027BBCF /* Frameworks */ = {
			isa = PBXFrameworksBuildPhase;
			buildActionMask = 2147483647;
			files = (
			);
			runOnlyForDeploymentPostprocessing = 0;
		};
		634D0BE51B22F94D0027BBCF /* Frameworks */ = {
			isa = PBXFrameworksBuildPhase;
			buildActionMask = 2147483647;
			files = (
			);
			runOnlyForDeploymentPostprocessing = 0;
		};
/* End PBXFrameworksBuildPhase section */

/* Begin PBXGroup section */
		634D0BC61B22F94D0027BBCF = {
			isa = PBXGroup;
			children = (
				634D0BD11B22F94D0027BBCF /* GGSS */,
				634D0BEB1B22F94D0027BBCF /* GGSSTests */,
				634D0BD01B22F94D0027BBCF /* Products */,
			);
			sourceTree = "<group>";
		};
		634D0BD01B22F94D0027BBCF /* Products */ = {
			isa = PBXGroup;
			children = (
				634D0BCF1B22F94D0027BBCF /* GGSS.app */,
				634D0BE81B22F94D0027BBCF /* GGSSTests.xctest */,
			);
			name = Products;
			sourceTree = "<group>";
		};
		634D0BD11B22F94D0027BBCF /* GGSS */ = {
			isa = PBXGroup;
			children = (
				634D0BD61B22F94D0027BBCF /* AppDelegate.h */,
				634D0BD71B22F94D0027BBCF /* AppDelegate.m */,
				634D0BD91B22F94D0027BBCF /* ViewController.h */,
				634D0BDA1B22F94D0027BBCF /* ViewController.m */,
				634D0BDC1B22F94D0027BBCF /* Main.storyboard */,
				634D0BDF1B22F94D0027BBCF /* Images.xcassets */,
				634D0BE11B22F94D0027BBCF /* LaunchScreen.xib */,
				634D0BD21B22F94D0027BBCF /* Supporting Files */,
			);
			path = GGSS;
			sourceTree = "<group>";
		};
		634D0BD21B22F94D0027BBCF /* Supporting Files */ = {
			isa = PBXGroup;
			children = (
				634D0BD31B22F94D0027BBCF /* Info.plist */,
				634D0BD41B22F94D0027BBCF /* main.m */,
			);
			name = "Supporting Files";
			sourceTree = "<group>";
		};
		634D0BEB1B22F94D0027BBCF /* GGSSTests */ = {
			isa = PBXGroup;
			children = (
				634D0BEE1B22F94D0027BBCF /* GGSSTests.m */,
				634D0BEC1B22F94D0027BBCF /* Supporting Files */,
			);
			path = GGSSTests;
			sourceTree = "<group>";
		};
		634D0BEC1B22F94D0027BBCF /* Supporting Files */ = {
			isa = PBXGroup;
			children = (
				634D0BED1B22F94D0027BBCF /* Info.plist */,
			);
			name = "Supporting Files";
			sourceTree = "<group>";
		};
/* End PBXGroup section */

/* Begin PBXNativeTarget section */
		634D0BCE1B22F94D0027BBCF /* GGSS */ = {
			isa = PBXNativeTarget;
			buildConfigurationList = 634D0BF21B22F94D0027BBCF /* Build configuration list for PBXNativeTarget "GGSS" */;
			buildPhases = (
				634D0BCB1B22F94D0027BBCF /* Sources */,
				634D0BCC1B22F94D0027BBCF /* Frameworks */,
				634D0BCD1B22F94D0027BBCF /* Resources */,
			);
			buildRules = (
			);
			dependencies = (
			);
			name = GGSS;
			productName = GGSS;
			productReference = 634D0BCF1B22F94D0027BBCF /* GGSS.app */;
			productType = "com.apple.product-type.application";
		};
		634D0BE71B22F94D0027BBCF /* GGSSTests */ = {
			isa = PBXNativeTarget;
			buildConfigurationList = 634D0BF51B22F94D0027BBCF /* Build configuration list for PBXNativeTarget "GGSSTests" */;
			buildPhases = (
				634D0BE41B22F94D0027BBCF /* Sources */,
				634D0BE51B22F94D0027BBCF /* Frameworks */,
				634D0BE61B22F94D0027BBCF /* Resources */,
			);
			buildRules = (
			);
			dependencies = (
				634D0BEA1B22F94D0027BBCF /* PBXTargetDependency */,
			);
			name = GGSSTests;
			productName = GGSSTests;
			productReference = 634D0BE81B22F94D0027BBCF /* GGSSTests.xctest */;
			productType = "com.apple.product-type.bundle.unit-test";
		};
/* End PBXNativeTarget section */

/* Begin PBXProject section */
		634D0BC71B22F94D0027BBCF /* Project object */ = {
			isa = PBXProject;
			attributes = {
				LastUpgradeCheck = 0630;
				ORGANIZATIONNAME = "__无邪_";
				TargetAttributes = {
					634D0BCE1B22F94D0027BBCF = {
						CreatedOnToolsVersion = 6.3.2;
					};
					634D0BE71B22F94D0027BBCF = {
						CreatedOnToolsVersion = 6.3.2;
						TestTargetID = 634D0BCE1B22F94D0027BBCF;
					};
				};
			};
			buildConfigurationList = 634D0BCA1B22F94D0027BBCF /* Build configuration list for PBXProject "GGSS" */;
			compatibilityVersion = "Xcode 3.2";
			developmentRegion = English;
			hasScannedForEncodings = 0;
			knownRegions = (
				en,
				Base,
			);
			mainGroup = 634D0BC61B22F94D0027BBCF;
			productRefGroup = 634D0BD01B22F94D0027BBCF /* Products */;
			projectDirPath = "";
			projectRoot = "";
			targets = (
				634D0BCE1B22F94D0027BBCF /* GGSS */,
				634D0BE71B22F94D0027BBCF /* GGSSTests */,
			);
		};
/* End PBXProject section */

/* Begin PBXResourcesBuildPhase section */
		634D0BCD1B22F94D0027BBCF /* Resources */ = {
			isa = PBXResourcesBuildPhase;
			buildActionMask = 2147483647;
			files = (
				634D0BDE1B22F94D0027BBCF /* Main.storyboard in Resources */,
				634D0BE31B22F94D0027BBCF /* LaunchScreen.xib in Resources */,
				634D0BE01B22F94D0027BBCF /* Images.xcassets in Resources */,
			);
			runOnlyForDeploymentPostprocessing = 0;
		};
		634D0BE61B22F94D0027BBCF /* Resources */ = {
			isa = PBXResourcesBuildPhase;
			buildActionMask = 2147483647;
			files = (
			);
			runOnlyForDeploymentPostprocessing = 0;
		};
/* End PBXResourcesBuildPhase section */

/* Begin PBXSourcesBuildPhase section */
		634D0BCB1B22F94D0027BBCF /* Sources */ = {
			isa = PBXSourcesBuildPhase;
			buildActionMask = 2147483647;
			files = (
				634D0BDB1B22F94D0027BBCF /* ViewController.m in Sources */,
				634D0BD81B22F94D0027BBCF /* AppDelegate.m in Sources */,
				634D0BD51B22F94D0027BBCF /* main.m in Sources */,
			);
			runOnlyForDeploymentPostprocessing = 0;
		};
		634D0BE41B22F94D0027BBCF /* Sources */ = {
			isa = PBXSourcesBuildPhase;
			buildActionMask = 2147483647;
			files = (
				634D0BEF1B22F94D0027BBCF /* GGSSTests.m in Sources */,
			);
			runOnlyForDeploymentPostprocessing = 0;
		};
/* End PBXSourcesBuildPhase section */

/* Begin PBXTargetDependency section */
		634D0BEA1B22F94D0027BBCF /* PBXTargetDependency */ = {
			isa = PBXTargetDependency;
			target = 634D0BCE1B22F94D0027BBCF /* GGSS */;
			targetProxy = 634D0BE91B22F94D0027BBCF /* PBXContainerItemProxy */;
		};
/* End PBXTargetDependency section */

/* Begin PBXVariantGroup section */
		634D0BDC1B22F94D0027BBCF /* Main.storyboard */ = {
			isa = PBXVariantGroup;
			children = (
				634D0BDD1B22F94D0027BBCF /* Base */,
			);
			name = Main.storyboard;
			sourceTree = "<group>";
		};
		634D0BE11B22F94D0027BBCF /* LaunchScreen.xib */ = {
			isa = PBXVariantGroup;
			children = (
				634D0BE21B22F94D0027BBCF /* Base */,
			);
			name = LaunchScreen.xib;
			sourceTree = "<group>";
		};
/* End PBXVariantGroup section */

/* Begin XCBuildConfiguration section */
		634D0BF01B22F94D0027BBCF /* Debug */ = {
			isa = XCBuildConfiguration;
			buildSettings = {
				ALWAYS_SEARCH_USER_PATHS = NO;
				CLANG_CXX_LANGUAGE_STANDARD = "gnu++0x";
				CLANG_CXX_LIBRARY = "libc++";
				CLANG_ENABLE_MODULES = YES;
				CLANG_ENABLE_OBJC_ARC = YES;
				CLANG_WARN_BOOL_CONVERSION = YES;
				CLANG_WARN_CONSTANT_CONVERSION = YES;
				CLANG_WARN_DIRECT_OBJC_ISA_USAGE = YES_ERROR;
				CLANG_WARN_EMPTY_BODY = YES;
				CLANG_WARN_ENUM_CONVERSION = YES;
				CLANG_WARN_INT_CONVERSION = YES;
				CLANG_WARN_OBJC_ROOT_CLASS = YES_ERROR;
				CLANG_WARN_UNREACHABLE_CODE = YES;
				CLANG_WARN__DUPLICATE_METHOD_MATCH = YES;
				"CODE_SIGN_IDENTITY[sdk=iphoneos*]" = "iPhone Developer";
				COPY_PHASE_STRIP = NO;
				DEBUG_INFORMATION_FORMAT = "dwarf-with-dsym";
				ENABLE_STRICT_OBJC_MSGSEND = YES;
				GCC_C_LANGUAGE_STANDARD = gnu99;
				GCC_DYNAMIC_NO_PIC = NO;
				GCC_NO_COMMON_BLOCKS = YES;
				GCC_OPTIMIZATION_LEVEL = 0;
				GCC_PREPROCESSOR_DEFINITIONS = (
					"DEBUG=1",
					"$(inherited)",
				);
				GCC_SYMBOLS_PRIVATE_EXTERN = NO;
				GCC_WARN_64_TO_32_BIT_CONVERSION = YES;
				GCC_WARN_ABOUT_RETURN_TYPE = YES_ERROR;
				GCC_WARN_UNDECLARED_SELECTOR = YES;
				GCC_WARN_UNINITIALIZED_AUTOS = YES_AGGRESSIVE;
				GCC_WARN_UNUSED_FUNCTION = YES;
				GCC_WARN_UNUSED_VARIABLE = YES;
				IPHONEOS_DEPLOYMENT_TARGET = 8.3;
				MTL_ENABLE_DEBUG_INFO = YES;
				ONLY_ACTIVE_ARCH = YES;
				SDKROOT = iphoneos;
				TARGETED_DEVICE_FAMILY = "1,2";
			};
			name = Debug;
		};
		634D0BF11B22F94D0027BBCF /* Release */ = {
			isa = XCBuildConfiguration;
			buildSettings = {
				ALWAYS_SEARCH_USER_PATHS = NO;
				CLANG_CXX_LANGUAGE_STANDARD = "gnu++0x";
				CLANG_CXX_LIBRARY = "libc++";
				CLANG_ENABLE_MODULES = YES;
				CLANG_ENABLE_OBJC_ARC = YES;
				CLANG_WARN_BOOL_CONVERSION = YES;
				CLANG_WARN_CONSTANT_CONVERSION = YES;
				CLANG_WARN_DIRECT_OBJC_ISA_USAGE = YES_ERROR;
				CLANG_WARN_EMPTY_BODY = YES;
				CLANG_WARN_ENUM_CONVERSION = YES;
				CLANG_WARN_INT_CONVERSION = YES;
				CLANG_WARN_OBJC_ROOT_CLASS = YES_ERROR;
				CLANG_WARN_UNREACHABLE_CODE = YES;
				CLANG_WARN__DUPLICATE_METHOD_MATCH = YES;
				"CODE_SIGN_IDENTITY[sdk=iphoneos*]" = "iPhone Developer";
				COPY_PHASE_STRIP = NO;
				DEBUG_INFORMATION_FORMAT = "dwarf-with-dsym";
				ENABLE_NS_ASSERTIONS = NO;
				ENABLE_STRICT_OBJC_MSGSEND = YES;
				GCC_C_LANGUAGE_STANDARD = gnu99;
				GCC_NO_COMMON_BLOCKS = YES;
				GCC_WARN_64_TO_32_BIT_CONVERSION = YES;
				GCC_WARN_ABOUT_RETURN_TYPE = YES_ERROR;
				GCC_WARN_UNDECLARED_SELECTOR = YES;
				GCC_WARN_UNINITIALIZED_AUTOS = YES_AGGRESSIVE;
				GCC_WARN_UNUSED_FUNCTION = YES;
				GCC_WARN_UNUSED_VARIABLE = YES;
				IPHONEOS_DEPLOYMENT_TARGET = 8.3;
				MTL_ENABLE_DEBUG_INFO = NO;
				SDKROOT = iphoneos;
				TARGETED_DEVICE_FAMILY = "1,2";
				VALIDATE_PRODUCT = YES;
			};
			name = Release;
		};
		634D0BF31B22F94D0027BBCF /* Debug */ = {
			isa = XCBuildConfiguration;
			buildSettings = {
				ASSETCATALOG_COMPILER_APPICON_NAME = AppIcon;
				INFOPLIST_FILE = GGSS/Info.plist;
				LD_RUNPATH_SEARCH_PATHS = "$(inherited) @executable_path/Frameworks";
				PRODUCT_NAME = "$(TARGET_NAME)";
			};
			name = Debug;
		};
		634D0BF41B22F94D0027BBCF /* Release */ = {
			isa = XCBuildConfiguration;
			buildSettings = {
				ASSETCATALOG_COMPILER_APPICON_NAME = AppIcon;
				INFOPLIST_FILE = GGSS/Info.plist;
				LD_RUNPATH_SEARCH_PATHS = "$(inherited) @executable_path/Frameworks";
				PRODUCT_NAME = "$(TARGET_NAME)";
			};
			name = Release;
		};
		634D0BF61B22F94D0027BBCF /* Debug */ = {
			isa = XCBuildConfiguration;
			buildSettings = {
				BUNDLE_LOADER = "$(TEST_HOST)";
				FRAMEWORK_SEARCH_PATHS = (
					"$(SDKROOT)/Developer/Library/Frameworks",
					"$(inherited)",
				);
				GCC_PREPROCESSOR_DEFINITIONS = (
					"DEBUG=1",
					"$(inherited)",
				);
				INFOPLIST_FILE = GGSSTests/Info.plist;
				LD_RUNPATH_SEARCH_PATHS = "$(inherited) @executable_path/Frameworks @loader_path/Frameworks";
				PRODUCT_NAME = "$(TARGET_NAME)";
				TEST_HOST = "$(BUILT_PRODUCTS_DIR)/GGSS.app/GGSS";
			};
			name = Debug;
		};
		634D0BF71B22F94D0027BBCF /* Release */ = {
			isa = XCBuildConfiguration;
			buildSettings = {
				BUNDLE_LOADER = "$(TEST_HOST)";
				FRAMEWORK_SEARCH_PATHS = (
					"$(SDKROOT)/Developer/Library/Frameworks",
					"$(inherited)",
				);
				INFOPLIST_FILE = GGSSTests/Info.plist;
				LD_RUNPATH_SEARCH_PATHS = "$(inherited) @executable_path/Frameworks @loader_path/Frameworks";
				PRODUCT_NAME = "$(TARGET_NAME)";
				TEST_HOST = "$(BUILT_PRODUCTS_DIR)/GGSS.app/GGSS";
			};
			name = Release;
		};
/* End XCBuildConfiguration section */

/* Begin XCConfigurationList section */
		634D0BCA1B22F94D0027BBCF /* Build configuration list for PBXProject "GGSS" */ = {
			isa = XCConfigurationList;
			buildConfigurations = (
				634D0BF01B22F94D0027BBCF /* Debug */,
				634D0BF11B22F94D0027BBCF /* Release */,
			);
			defaultConfigurationIsVisible = 0;
			defaultConfigurationName = Release;
		};
		634D0BF21B22F94D0027BBCF /* Build configuration list for PBXNativeTarget "GGSS" */ = {
			isa = XCConfigurationList;
			buildConfigurations = (
				634D0BF31B22F94D0027BBCF /* Debug */,
				634D0BF41B22F94D0027BBCF /* Release */,
			);
			defaultConfigurationIsVisible = 0;
		};
		634D0BF51B22F94D0027BBCF /* Build configuration list for PBXNativeTarget "GGSSTests" */ = {
			isa = XCConfigurationList;
			buildConfigurations = (
				634D0BF61B22F94D0027BBCF /* Debug */,
				634D0BF71B22F94D0027BBCF /* Release */,
			);
			defaultConfigurationIsVisible = 0;
		};
/* End XCConfigurationList section */
	};
	rootObject = 634D0BC71B22F94D0027BBCF /* Project object */;
}
